
Microsoft Visual Studio Solution File, Format Version 12.00
# Visual Studio Version 17
VisualStudioVersion = 17.8.34309.116
MinimumVisualStudioVersion = 10.0.40219.1
Project("{2150E333-8FDC-42A3-9474-1A3956D46DE8}") = "src", "src", "{4617337D-C7B5-40FF-82B4-CE04CAED1125}"
EndProject
Project("{2150E333-8FDC-42A3-9474-1A3956D46DE8}") = "test", "test", "{6689C864-5F78-4DCD-932C-16D74920C720}"
EndProject
Project("{9A19103F-16F7-4668-BE54-9A1E7A4F7556}") = "Service.Api", "src\Service.Api\Service.Api.csproj", "{C8F6876D-0796-47BF-B0C5-03B0E3E1E3F6}"
EndProject
Project("{9A19103F-16F7-4668-BE54-9A1E7A4F7556}") = "Service.Abstractions", "src\Service.Abstractions\Service.Abstractions.csproj", "{7C359916-48E9-4C93-8044-06931BEBF16C}"
EndProject
Global
	GlobalSection(SolutionConfigurationPlatforms) = preSolution
		Debug|Any CPU = Debug|Any CPU
		Release|Any CPU = Release|Any CPU
	EndGlobalSection
	GlobalSection(ProjectConfigurationPlatforms) = postSolution
		{C8F6876D-0796-47BF-B0C5-03B0E3E1E3F6}.Debug|Any CPU.ActiveCfg = Debug|Any CPU
		{C8F6876D-0796-47BF-B0C5-03B0E3E1E3F6}.Debug|Any CPU.Build.0 = Debug|Any CPU
		{C8F6876D-0796-47BF-B0C5-03B0E3E1E3F6}.Release|Any CPU.ActiveCfg = Release|Any CPU
		{C8F6876D-0796-47BF-B0C5-03B0E3E1E3F6}.Release|Any CPU.Build.0 = Release|Any CPU
		{7C359916-48E9-4C93-8044-06931BEBF16C}.Debug|Any CPU.ActiveCfg = Debug|Any CPU
		{7C359916-48E9-4C93-8044-06931BEBF16C}.Debug|Any CPU.Build.0 = Debug|Any CPU
		{7C359916-48E9-4C93-8044-06931BEBF16C}.Release|Any CPU.ActiveCfg = Release|Any CPU
		{7C359916-48E9-4C93-8044-06931BEBF16C}.Release|Any CPU.Build.0 = Release|Any CPU
	EndGlobalSection
	GlobalSection(SolutionProperties) = preSolution
		HideSolutionNode = FALSE
	EndGlobalSection
	GlobalSection(NestedProjects) = preSolution
		{C8F6876D-0796-47BF-B0C5-03B0E3E1E3F6} = {4617337D-C7B5-40FF-82B4-CE04CAED1125}
		{7C359916-48E9-4C93-8044-06931BEBF16C} = {4617337D-C7B5-40FF-82B4-CE04CAED1125}
	EndGlobalSection
	GlobalSection(ExtensibilityGlobals) = postSolution
		SolutionGuid = {9D81402F-2791-4F6D-BBA9-807A0BA4FC0C}
	EndGlobalSection
EndGlobal
